
Microsoft Visual Studio Solution File, Format Version 12.00
# Visual Studio Version 16
VisualStudioVersion = 16.0.33423.256
MinimumVisualStudioVersion = 10.0.40219.1
Project("{FAE04EC0-301F-11D3-BF4B-00C04F79EFBC}") = "CuaHangXachTay", "CuaHangXachTay\CuaHangXachTay.csproj", "{12BAA509-9A38-406A-B98C-895D1212FD90}"
EndProject
Global
	GlobalSection(SolutionConfigurationPlatforms) = preSolution
		Debug|Any CPU = Debug|Any CPU
		Release|Any CPU = Release|Any CPU
	EndGlobalSection
	GlobalSection(ProjectConfigurationPlatforms) = postSolution
		{12BAA509-9A38-406A-B98C-895D1212FD90}.Debug|Any CPU.ActiveCfg = Debug|Any CPU
		{12BAA509-9A38-406A-B98C-895D1212FD90}.Debug|Any CPU.Build.0 = Debug|Any CPU
		{12BAA509-9A38-406A-B98C-895D1212FD90}.Release|Any CPU.ActiveCfg = Release|Any CPU
		{12BAA509-9A38-406A-B98C-895D1212FD90}.Release|Any CPU.Build.0 = Release|Any CPU
	EndGlobalSection
	GlobalSection(SolutionProperties) = preSolution
		HideSolutionNode = FALSE
	EndGlobalSection
	GlobalSection(ExtensibilityGlobals) = postSolution
		SolutionGuid = {16910765-142C-4AC0-9A81-3F546C871F80}
	EndGlobalSection
EndGlobal
